// !$*UTF8*$!
{
	archiveVersion = 1;
	classes = {
	};
	objectVersion = 46;
	objects = {

/* Begin PBXBuildFile section */
		5D03702C1E5106FA00E9555D /* QuartzCore.framework in Frameworks */ = {isa = PBXBuildFile; fileRef = 5D03702B1E5106FA00E9555D /* QuartzCore.framework */; };
		5D03702E1E51070300E9555D /* OpenGLES.framework in Frameworks */ = {isa = PBXBuildFile; fileRef = 5D03702D1E51070300E9555D /* OpenGLES.framework */; };
		5D0370301E51070800E9555D /* GLKit.framework in Frameworks */ = {isa = PBXBuildFile; fileRef = 5D03702F1E51070800E9555D /* GLKit.framework */; };
		5D0370761E511E1D00E9555D /* GLView.swift in Sources */ = {isa = PBXBuildFile; fileRef = 5D0370751E511E1D00E9555D /* GLView.swift */; };
		5D0370781E51282700E9555D /* vertex.glsl in Resources */ = {isa = PBXBuildFile; fileRef = 5D0370771E51282700E9555D /* vertex.glsl */; };
		5D03707A1E51283900E9555D /* fragment.glsl in Resources */ = {isa = PBXBuildFile; fileRef = 5D0370791E51283900E9555D /* fragment.glsl */; };
		5D2441C51E900D440056B1E8 /* Body.swift in Sources */ = {isa = PBXBuildFile; fileRef = 5D2441C41E900D440056B1E8 /* Body.swift */; };
		5D2441C81E9021C70056B1E8 /* sphere.mtl in Resources */ = {isa = PBXBuildFile; fileRef = 5D2441C61E9021C70056B1E8 /* sphere.mtl */; };
		5D2441C91E9021C70056B1E8 /* sphere.obj in Resources */ = {isa = PBXBuildFile; fileRef = 5D2441C71E9021C70056B1E8 /* sphere.obj */; };
		5D2441CB1E9053060056B1E8 /* Light.swift in Sources */ = {isa = PBXBuildFile; fileRef = 5D2441CA1E9053060056B1E8 /* Light.swift */; };
		5D6E23881E62A6CE00032F56 /* Model.swift in Sources */ = {isa = PBXBuildFile; fileRef = 5D6E23871E62A6CE00032F56 /* Model.swift */; };
		5D7966E71E63D89F00BABBD9 /* cube.obj in Resources */ = {isa = PBXBuildFile; fileRef = 5D7966E61E63D89F00BABBD9 /* cube.obj */; };
		5DCABD321E50E74B008880A8 /* AppDelegate.swift in Sources */ = {isa = PBXBuildFile; fileRef = 5DCABD311E50E74B008880A8 /* AppDelegate.swift */; };
		5DCABD341E50E74B008880A8 /* ViewController.swift in Sources */ = {isa = PBXBuildFile; fileRef = 5DCABD331E50E74B008880A8 /* ViewController.swift */; };
		5DCABD371E50E74B008880A8 /* Main.storyboard in Resources */ = {isa = PBXBuildFile; fileRef = 5DCABD351E50E74B008880A8 /* Main.storyboard */; };
		5DCABD391E50E74B008880A8 /* Assets.xcassets in Resources */ = {isa = PBXBuildFile; fileRef = 5DCABD381E50E74B008880A8 /* Assets.xcassets */; };
		5DCABD3C1E50E74B008880A8 /* LaunchScreen.storyboard in Resources */ = {isa = PBXBuildFile; fileRef = 5DCABD3A1E50E74B008880A8 /* LaunchScreen.storyboard */; };
		5DF941981E6402FB00522276 /* cube.mtl in Resources */ = {isa = PBXBuildFile; fileRef = 5DF941971E6402FB00522276 /* cube.mtl */; };
		5DF9419B1E640E8200522276 /* diamond.mtl in Resources */ = {isa = PBXBuildFile; fileRef = 5DF941991E640E8200522276 /* diamond.mtl */; };
		5DF9419C1E640E8200522276 /* diamond.obj in Resources */ = {isa = PBXBuildFile; fileRef = 5DF9419A1E640E8200522276 /* diamond.obj */; };
/* End PBXBuildFile section */

/* Begin PBXContainerItemProxy section */
		5DCABD431E50E74B008880A8 /* PBXContainerItemProxy */ = {
			isa = PBXContainerItemProxy;
			containerPortal = 5DCABD261E50E74B008880A8 /* Project object */;
			proxyType = 1;
			remoteGlobalIDString = 5DCABD2D1E50E74B008880A8;
			remoteInfo = "hello-world";
		};
		5DCABD4E1E50E74B008880A8 /* PBXContainerItemProxy */ = {
			isa = PBXContainerItemProxy;
			containerPortal = 5DCABD261E50E74B008880A8 /* Project object */;
			proxyType = 1;
			remoteGlobalIDString = 5DCABD2D1E50E74B008880A8;
			remoteInfo = "hello-world";
		};
/* End PBXContainerItemProxy section */

/* Begin PBXFileReference section */
		5D03702B1E5106FA00E9555D /* QuartzCore.framework */ = {isa = PBXFileReference; lastKnownFileType = wrapper.framework; name = QuartzCore.framework; path = System/Library/Frameworks/QuartzCore.framework; sourceTree = SDKROOT; };
		5D03702D1E51070300E9555D /* OpenGLES.framework */ = {isa = PBXFileReference; lastKnownFileType = wrapper.framework; name = OpenGLES.framework; path = System/Library/Frameworks/OpenGLES.framework; sourceTree = SDKROOT; };
		5D03702F1E51070800E9555D /* GLKit.framework */ = {isa = PBXFileReference; lastKnownFileType = wrapper.framework; name = GLKit.framework; path = System/Library/Frameworks/GLKit.framework; sourceTree = SDKROOT; };
		5D0370751E511E1D00E9555D /* GLView.swift */ = {isa = PBXFileReference; fileEncoding = 4; lastKnownFileType = sourcecode.swift; path = GLView.swift; sourceTree = "<group>"; };
		5D0370771E51282700E9555D /* vertex.glsl */ = {isa = PBXFileReference; fileEncoding = 4; lastKnownFileType = text; path = vertex.glsl; sourceTree = "<group>"; };
		5D0370791E51283900E9555D /* fragment.glsl */ = {isa = PBXFileReference; fileEncoding = 4; lastKnownFileType = text; path = fragment.glsl; sourceTree = "<group>"; };
		5D2441C41E900D440056B1E8 /* Body.swift */ = {isa = PBXFileReference; fileEncoding = 4; lastKnownFileType = sourcecode.swift; path = Body.swift; sourceTree = "<group>"; };
		5D2441C61E9021C70056B1E8 /* sphere.mtl */ = {isa = PBXFileReference; fileEncoding = 4; lastKnownFileType = text; path = sphere.mtl; sourceTree = "<group>"; };
		5D2441C71E9021C70056B1E8 /* sphere.obj */ = {isa = PBXFileReference; fileEncoding = 4; lastKnownFileType = text; path = sphere.obj; sourceTree = "<group>"; };
		5D2441CA1E9053060056B1E8 /* Light.swift */ = {isa = PBXFileReference; fileEncoding = 4; lastKnownFileType = sourcecode.swift; path = Light.swift; sourceTree = "<group>"; };
		5D6E23871E62A6CE00032F56 /* Model.swift */ = {isa = PBXFileReference; fileEncoding = 4; lastKnownFileType = sourcecode.swift; path = Model.swift; sourceTree = "<group>"; };
		5D7966E61E63D89F00BABBD9 /* cube.obj */ = {isa = PBXFileReference; fileEncoding = 4; lastKnownFileType = text; path = cube.obj; sourceTree = "<group>"; };
		5DCABD2E1E50E74B008880A8 /* hello-world.app */ = {isa = PBXFileReference; explicitFileType = wrapper.application; includeInIndex = 0; path = "hello-world.app"; sourceTree = BUILT_PRODUCTS_DIR; };
		5DCABD311E50E74B008880A8 /* AppDelegate.swift */ = {isa = PBXFileReference; lastKnownFileType = sourcecode.swift; path = AppDelegate.swift; sourceTree = "<group>"; };
		5DCABD331E50E74B008880A8 /* ViewController.swift */ = {isa = PBXFileReference; lastKnownFileType = sourcecode.swift; path = ViewController.swift; sourceTree = "<group>"; };
		5DCABD361E50E74B008880A8 /* Base */ = {isa = PBXFileReference; lastKnownFileType = file.storyboard; name = Base; path = Base.lproj/Main.storyboard; sourceTree = "<group>"; };
		5DCABD381E50E74B008880A8 /* Assets.xcassets */ = {isa = PBXFileReference; lastKnownFileType = folder.assetcatalog; path = Assets.xcassets; sourceTree = "<group>"; };
		5DCABD3B1E50E74B008880A8 /* Base */ = {isa = PBXFileReference; lastKnownFileType = file.storyboard; name = Base; path = Base.lproj/LaunchScreen.storyboard; sourceTree = "<group>"; };
		5DCABD3D1E50E74B008880A8 /* Info.plist */ = {isa = PBXFileReference; lastKnownFileType = text.plist.xml; path = Info.plist; sourceTree = "<group>"; };
		5DCABD421E50E74B008880A8 /* hello-worldTests.xctest */ = {isa = PBXFileReference; explicitFileType = wrapper.cfbundle; includeInIndex = 0; path = "hello-worldTests.xctest"; sourceTree = BUILT_PRODUCTS_DIR; };
		5DCABD4D1E50E74B008880A8 /* hello-worldUITests.xctest */ = {isa = PBXFileReference; explicitFileType = wrapper.cfbundle; includeInIndex = 0; path = "hello-worldUITests.xctest"; sourceTree = BUILT_PRODUCTS_DIR; };
		5DF941971E6402FB00522276 /* cube.mtl */ = {isa = PBXFileReference; fileEncoding = 4; lastKnownFileType = text; path = cube.mtl; sourceTree = "<group>"; };
		5DF941991E640E8200522276 /* diamond.mtl */ = {isa = PBXFileReference; fileEncoding = 4; lastKnownFileType = text; path = diamond.mtl; sourceTree = "<group>"; };
		5DF9419A1E640E8200522276 /* diamond.obj */ = {isa = PBXFileReference; fileEncoding = 4; lastKnownFileType = text; path = diamond.obj; sourceTree = "<group>"; };
/* End PBXFileReference section */

/* Begin PBXFrameworksBuildPhase section */
		5DCABD2B1E50E74B008880A8 /* Frameworks */ = {
			isa = PBXFrameworksBuildPhase;
			buildActionMask = 2147483647;
			files = (
				5D0370301E51070800E9555D /* GLKit.framework in Frameworks */,
				5D03702E1E51070300E9555D /* OpenGLES.framework in Frameworks */,
				5D03702C1E5106FA00E9555D /* QuartzCore.framework in Frameworks */,
			);
			runOnlyForDeploymentPostprocessing = 0;
		};
		5DCABD3F1E50E74B008880A8 /* Frameworks */ = {
			isa = PBXFrameworksBuildPhase;
			buildActionMask = 2147483647;
			files = (
			);
			runOnlyForDeploymentPostprocessing = 0;
		};
		5DCABD4A1E50E74B008880A8 /* Frameworks */ = {
			isa = PBXFrameworksBuildPhase;
			buildActionMask = 2147483647;
			files = (
			);
			runOnlyForDeploymentPostprocessing = 0;
		};
/* End PBXFrameworksBuildPhase section */

/* Begin PBXGroup section */
		5D03702A1E5106FA00E9555D /* Frameworks */ = {
			isa = PBXGroup;
			children = (
				5D03702F1E51070800E9555D /* GLKit.framework */,
				5D03702D1E51070300E9555D /* OpenGLES.framework */,
				5D03702B1E5106FA00E9555D /* QuartzCore.framework */,
			);
			name = Frameworks;
			sourceTree = "<group>";
		};
		5DCABD251E50E74B008880A8 = {
			isa = PBXGroup;
			children = (
				5DCABD301E50E74B008880A8 /* hello-world */,
				5DCABD2F1E50E74B008880A8 /* Products */,
				5D03702A1E5106FA00E9555D /* Frameworks */,
			);
			sourceTree = "<group>";
		};
		5DCABD2F1E50E74B008880A8 /* Products */ = {
			isa = PBXGroup;
			children = (
				5DCABD2E1E50E74B008880A8 /* hello-world.app */,
				5DCABD421E50E74B008880A8 /* hello-worldTests.xctest */,
				5DCABD4D1E50E74B008880A8 /* hello-worldUITests.xctest */,
			);
			name = Products;
			sourceTree = "<group>";
		};
		5DCABD301E50E74B008880A8 /* hello-world */ = {
			isa = PBXGroup;
			children = (
				5DCABD311E50E74B008880A8 /* AppDelegate.swift */,
				5DCABD331E50E74B008880A8 /* ViewController.swift */,
				5D2441C61E9021C70056B1E8 /* sphere.mtl */,
				5D2441C71E9021C70056B1E8 /* sphere.obj */,
				5D2441C41E900D440056B1E8 /* Body.swift */,
				5D6E23871E62A6CE00032F56 /* Model.swift */,
				5D2441CA1E9053060056B1E8 /* Light.swift */,
				5DF941991E640E8200522276 /* diamond.mtl */,
				5DF9419A1E640E8200522276 /* diamond.obj */,
				5DF941971E6402FB00522276 /* cube.mtl */,
				5D7966E61E63D89F00BABBD9 /* cube.obj */,
				5DCABD351E50E74B008880A8 /* Main.storyboard */,
				5D0370751E511E1D00E9555D /* GLView.swift */,
				5D0370771E51282700E9555D /* vertex.glsl */,
				5D0370791E51283900E9555D /* fragment.glsl */,
				5DCABD381E50E74B008880A8 /* Assets.xcassets */,
				5DCABD3A1E50E74B008880A8 /* LaunchScreen.storyboard */,
				5DCABD3D1E50E74B008880A8 /* Info.plist */,
			);
			path = "hello-world";
			sourceTree = "<group>";
		};
/* End PBXGroup section */

/* Begin PBXNativeTarget section */
		5DCABD2D1E50E74B008880A8 /* hello-world */ = {
			isa = PBXNativeTarget;
			buildConfigurationList = 5DCABD561E50E74B008880A8 /* Build configuration list for PBXNativeTarget "hello-world" */;
			buildPhases = (
				5DCABD2A1E50E74B008880A8 /* Sources */,
				5DCABD2B1E50E74B008880A8 /* Frameworks */,
				5DCABD2C1E50E74B008880A8 /* Resources */,
			);
			buildRules = (
			);
			dependencies = (
			);
			name = "hello-world";
			productName = "hello-world";
			productReference = 5DCABD2E1E50E74B008880A8 /* hello-world.app */;
			productType = "com.apple.product-type.application";
		};
		5DCABD411E50E74B008880A8 /* hello-worldTests */ = {
			isa = PBXNativeTarget;
			buildConfigurationList = 5DCABD591E50E74B008880A8 /* Build configuration list for PBXNativeTarget "hello-worldTests" */;
			buildPhases = (
				5DCABD3E1E50E74B008880A8 /* Sources */,
				5DCABD3F1E50E74B008880A8 /* Frameworks */,
				5DCABD401E50E74B008880A8 /* Resources */,
			);
			buildRules = (
			);
			dependencies = (
				5DCABD441E50E74B008880A8 /* PBXTargetDependency */,
			);
			name = "hello-worldTests";
			productName = "hello-worldTests";
			productReference = 5DCABD421E50E74B008880A8 /* hello-worldTests.xctest */;
			productType = "com.apple.product-type.bundle.unit-test";
		};
		5DCABD4C1E50E74B008880A8 /* hello-worldUITests */ = {
			isa = PBXNativeTarget;
			buildConfigurationList = 5DCABD5C1E50E74B008880A8 /* Build configuration list for PBXNativeTarget "hello-worldUITests" */;
			buildPhases = (
				5DCABD491E50E74B008880A8 /* Sources */,
				5DCABD4A1E50E74B008880A8 /* Frameworks */,
				5DCABD4B1E50E74B008880A8 /* Resources */,
			);
			buildRules = (
			);
			dependencies = (
				5DCABD4F1E50E74B008880A8 /* PBXTargetDependency */,
			);
			name = "hello-worldUITests";
			productName = "hello-worldUITests";
			productReference = 5DCABD4D1E50E74B008880A8 /* hello-worldUITests.xctest */;
			productType = "com.apple.product-type.bundle.ui-testing";
		};
/* End PBXNativeTarget section */

/* Begin PBXProject section */
		5DCABD261E50E74B008880A8 /* Project object */ = {
			isa = PBXProject;
			attributes = {
				LastSwiftUpdateCheck = 0820;
				LastUpgradeCheck = 0820;
				ORGANIZATIONNAME = "Chris Young";
				TargetAttributes = {
					5DCABD2D1E50E74B008880A8 = {
						CreatedOnToolsVersion = 8.2.1;
						DevelopmentTeam = 8P7493A9Z2;
						ProvisioningStyle = Automatic;
					};
					5DCABD411E50E74B008880A8 = {
						CreatedOnToolsVersion = 8.2.1;
						ProvisioningStyle = Automatic;
						TestTargetID = 5DCABD2D1E50E74B008880A8;
					};
					5DCABD4C1E50E74B008880A8 = {
						CreatedOnToolsVersion = 8.2.1;
						ProvisioningStyle = Automatic;
						TestTargetID = 5DCABD2D1E50E74B008880A8;
					};
				};
			};
			buildConfigurationList = 5DCABD291E50E74B008880A8 /* Build configuration list for PBXProject "hello-world" */;
			compatibilityVersion = "Xcode 3.2";
			developmentRegion = English;
			hasScannedForEncodings = 0;
			knownRegions = (
				en,
				Base,
			);
			mainGroup = 5DCABD251E50E74B008880A8;
			productRefGroup = 5DCABD2F1E50E74B008880A8 /* Products */;
			projectDirPath = "";
			projectRoot = "";
			targets = (
				5DCABD2D1E50E74B008880A8 /* hello-world */,
				5DCABD411E50E74B008880A8 /* hello-worldTests */,
				5DCABD4C1E50E74B008880A8 /* hello-worldUITests */,
			);
		};
/* End PBXProject section */

/* Begin PBXResourcesBuildPhase section */
		5DCABD2C1E50E74B008880A8 /* Resources */ = {
			isa = PBXResourcesBuildPhase;
			buildActionMask = 2147483647;
			files = (
				5D7966E71E63D89F00BABBD9 /* cube.obj in Resources */,
				5D03707A1E51283900E9555D /* fragment.glsl in Resources */,
				5DF9419B1E640E8200522276 /* diamond.mtl in Resources */,
				5DCABD3C1E50E74B008880A8 /* LaunchScreen.storyboard in Resources */,
				5D2441C81E9021C70056B1E8 /* sphere.mtl in Resources */,
				5D0370781E51282700E9555D /* vertex.glsl in Resources */,
				5DCABD391E50E74B008880A8 /* Assets.xcassets in Resources */,
				5DF9419C1E640E8200522276 /* diamond.obj in Resources */,
				5D2441C91E9021C70056B1E8 /* sphere.obj in Resources */,
				5DCABD371E50E74B008880A8 /* Main.storyboard in Resources */,
				5DF941981E6402FB00522276 /* cube.mtl in Resources */,
			);
			runOnlyForDeploymentPostprocessing = 0;
		};
		5DCABD401E50E74B008880A8 /* Resources */ = {
			isa = PBXResourcesBuildPhase;
			buildActionMask = 2147483647;
			files = (
			);
			runOnlyForDeploymentPostprocessing = 0;
		};
		5DCABD4B1E50E74B008880A8 /* Resources */ = {
			isa = PBXResourcesBuildPhase;
			buildActionMask = 2147483647;
			files = (
			);
			runOnlyForDeploymentPostprocessing = 0;
		};
/* End PBXResourcesBuildPhase section */

/* Begin PBXSourcesBuildPhase section */
		5DCABD2A1E50E74B008880A8 /* Sources */ = {
			isa = PBXSourcesBuildPhase;
			buildActionMask = 2147483647;
			files = (
				5D2441CB1E9053060056B1E8 /* Light.swift in Sources */,
				5D2441C51E900D440056B1E8 /* Body.swift in Sources */,
				5D6E23881E62A6CE00032F56 /* Model.swift in Sources */,
				5D0370761E511E1D00E9555D /* GLView.swift in Sources */,
				5DCABD341E50E74B008880A8 /* ViewController.swift in Sources */,
				5DCABD321E50E74B008880A8 /* AppDelegate.swift in Sources */,
			);
			runOnlyForDeploymentPostprocessing = 0;
		};
		5DCABD3E1E50E74B008880A8 /* Sources */ = {
			isa = PBXSourcesBuildPhase;
			buildActionMask = 2147483647;
			files = (
			);
			runOnlyForDeploymentPostprocessing = 0;
		};
		5DCABD491E50E74B008880A8 /* Sources */ = {
			isa = PBXSourcesBuildPhase;
			buildActionMask = 2147483647;
			files = (
			);
			runOnlyForDeploymentPostprocessing = 0;
		};
/* End PBXSourcesBuildPhase section */

/* Begin PBXTargetDependency section */
		5DCABD441E50E74B008880A8 /* PBXTargetDependency */ = {
			isa = PBXTargetDependency;
			target = 5DCABD2D1E50E74B008880A8 /* hello-world */;
			targetProxy = 5DCABD431E50E74B008880A8 /* PBXContainerItemProxy */;
		};
		5DCABD4F1E50E74B008880A8 /* PBXTargetDependency */ = {
			isa = PBXTargetDependency;
			target = 5DCABD2D1E50E74B008880A8 /* hello-world */;
			targetProxy = 5DCABD4E1E50E74B008880A8 /* PBXContainerItemProxy */;
		};
/* End PBXTargetDependency section */

/* Begin PBXVariantGroup section */
		5DCABD351E50E74B008880A8 /* Main.storyboard */ = {
			isa = PBXVariantGroup;
			children = (
				5DCABD361E50E74B008880A8 /* Base */,
			);
			name = Main.storyboard;
			sourceTree = "<group>";
		};
		5DCABD3A1E50E74B008880A8 /* LaunchScreen.storyboard */ = {
			isa = PBXVariantGroup;
			children = (
				5DCABD3B1E50E74B008880A8 /* Base */,
			);
			name = LaunchScreen.storyboard;
			sourceTree = "<group>";
		};
/* End PBXVariantGroup section */

/* Begin XCBuildConfiguration section */
		5DCABD541E50E74B008880A8 /* Debug */ = {
			isa = XCBuildConfiguration;
			buildSettings = {
				ALWAYS_SEARCH_USER_PATHS = NO;
				CLANG_ANALYZER_NONNULL = YES;
				CLANG_CXX_LANGUAGE_STANDARD = "gnu++0x";
				CLANG_CXX_LIBRARY = "libc++";
				CLANG_ENABLE_MODULES = YES;
				CLANG_ENABLE_OBJC_ARC = YES;
				CLANG_WARN_BOOL_CONVERSION = YES;
				CLANG_WARN_CONSTANT_CONVERSION = YES;
				CLANG_WARN_DIRECT_OBJC_ISA_USAGE = YES_ERROR;
				CLANG_WARN_DOCUMENTATION_COMMENTS = YES;
				CLANG_WARN_EMPTY_BODY = YES;
				CLANG_WARN_ENUM_CONVERSION = YES;
				CLANG_WARN_INFINITE_RECURSION = YES;
				CLANG_WARN_INT_CONVERSION = YES;
				CLANG_WARN_OBJC_ROOT_CLASS = YES_ERROR;
				CLANG_WARN_SUSPICIOUS_MOVE = YES;
				CLANG_WARN_UNREACHABLE_CODE = YES;
				CLANG_WARN__DUPLICATE_METHOD_MATCH = YES;
				"CODE_SIGN_IDENTITY[sdk=iphoneos*]" = "iPhone Developer";
				COPY_PHASE_STRIP = NO;
				DEBUG_INFORMATION_FORMAT = dwarf;
				ENABLE_STRICT_OBJC_MSGSEND = YES;
				ENABLE_TESTABILITY = YES;
				GCC_C_LANGUAGE_STANDARD = gnu99;
				GCC_DYNAMIC_NO_PIC = NO;
				GCC_NO_COMMON_BLOCKS = YES;
				GCC_OPTIMIZATION_LEVEL = 0;
				GCC_PREPROCESSOR_DEFINITIONS = (
					"DEBUG=1",
					"$(inherited)",
				);
				GCC_WARN_64_TO_32_BIT_CONVERSION = YES;
				GCC_WARN_ABOUT_RETURN_TYPE = YES_ERROR;
				GCC_WARN_UNDECLARED_SELECTOR = YES;
				GCC_WARN_UNINITIALIZED_AUTOS = YES_AGGRESSIVE;
				GCC_WARN_UNUSED_FUNCTION = YES;
				GCC_WARN_UNUSED_VARIABLE = YES;
				IPHONEOS_DEPLOYMENT_TARGET = 10.2;
				MTL_ENABLE_DEBUG_INFO = YES;
				ONLY_ACTIVE_ARCH = YES;
				SDKROOT = iphoneos;
				SWIFT_ACTIVE_COMPILATION_CONDITIONS = DEBUG;
				SWIFT_OPTIMIZATION_LEVEL = "-Onone";
				TARGETED_DEVICE_FAMILY = "1,2";
			};
			name = Debug;
		};
		5DCABD551E50E74B008880A8 /* Release */ = {
			isa = XCBuildConfiguration;
			buildSettings = {
				ALWAYS_SEARCH_USER_PATHS = NO;
				CLANG_ANALYZER_NONNULL = YES;
				CLANG_CXX_LANGUAGE_STANDARD = "gnu++0x";
				CLANG_CXX_LIBRARY = "libc++";
				CLANG_ENABLE_MODULES = YES;
				CLANG_ENABLE_OBJC_ARC = YES;
				CLANG_WARN_BOOL_CONVERSION = YES;
				CLANG_WARN_CONSTANT_CONVERSION = YES;
				CLANG_WARN_DIRECT_OBJC_ISA_USAGE = YES_ERROR;
				CLANG_WARN_DOCUMENTATION_COMMENTS = YES;
				CLANG_WARN_EMPTY_BODY = YES;
				CLANG_WARN_ENUM_CONVERSION = YES;
				CLANG_WARN_INFINITE_RECURSION = YES;
				CLANG_WARN_INT_CONVERSION = YES;
				CLANG_WARN_OBJC_ROOT_CLASS = YES_ERROR;
				CLANG_WARN_SUSPICIOUS_MOVE = YES;
				CLANG_WARN_UNREACHABLE_CODE = YES;
				CLANG_WARN__DUPLICATE_METHOD_MATCH = YES;
				"CODE_SIGN_IDENTITY[sdk=iphoneos*]" = "iPhone Developer";
				COPY_PHASE_STRIP = NO;
				DEBUG_INFORMATION_FORMAT = "dwarf-with-dsym";
				ENABLE_NS_ASSERTIONS = NO;
				ENABLE_STRICT_OBJC_MSGSEND = YES;
				GCC_C_LANGUAGE_STANDARD = gnu99;
				GCC_NO_COMMON_BLOCKS = YES;
				GCC_WARN_64_TO_32_BIT_CONVERSION = YES;
				GCC_WARN_ABOUT_RETURN_TYPE = YES_ERROR;
				GCC_WARN_UNDECLARED_SELECTOR = YES;
				GCC_WARN_UNINITIALIZED_AUTOS = YES_AGGRESSIVE;
				GCC_WARN_UNUSED_FUNCTION = YES;
				GCC_WARN_UNUSED_VARIABLE = YES;
				IPHONEOS_DEPLOYMENT_TARGET = 10.2;
				MTL_ENABLE_DEBUG_INFO = NO;
				SDKROOT = iphoneos;
				SWIFT_OPTIMIZATION_LEVEL = "-Owholemodule";
				TARGETED_DEVICE_FAMILY = "1,2";
				VALIDATE_PRODUCT = YES;
			};
			name = Release;
		};
		5DCABD571E50E74B008880A8 /* Debug */ = {
			isa = XCBuildConfiguration;
			buildSettings = {
				ASSETCATALOG_COMPILER_APPICON_NAME = AppIcon;
				DEVELOPMENT_TEAM = 8P7493A9Z2;
				INFOPLIST_FILE = "hello-world/Info.plist";
				IPHONEOS_DEPLOYMENT_TARGET = 9.0;
				LD_RUNPATH_SEARCH_PATHS = "$(inherited) @executable_path/Frameworks";
				PRODUCT_BUNDLE_IDENTIFIER = "www.chrisyou.ng.hello-world";
				PRODUCT_NAME = "$(TARGET_NAME)";
				SWIFT_VERSION = 3.0;
			};
			name = Debug;
		};
		5DCABD581E50E74B008880A8 /* Release */ = {
			isa = XCBuildConfiguration;
			buildSettings = {
				ASSETCATALOG_COMPILER_APPICON_NAME = AppIcon;
				DEVELOPMENT_TEAM = 8P7493A9Z2;
				INFOPLIST_FILE = "hello-world/Info.plist";
				IPHONEOS_DEPLOYMENT_TARGET = 9.0;
				LD_RUNPATH_SEARCH_PATHS = "$(inherited) @executable_path/Frameworks";
				PRODUCT_BUNDLE_IDENTIFIER = "www.chrisyou.ng.hello-world";
				PRODUCT_NAME = "$(TARGET_NAME)";
				SWIFT_VERSION = 3.0;
			};
			name = Release;
		};
		5DCABD5A1E50E74B008880A8 /* Debug */ = {
			isa = XCBuildConfiguration;
			buildSettings = {
				ALWAYS_EMBED_SWIFT_STANDARD_LIBRARIES = YES;
				BUNDLE_LOADER = "$(TEST_HOST)";
				INFOPLIST_FILE = "hello-worldTests/Info.plist";
				LD_RUNPATH_SEARCH_PATHS = "$(inherited) @executable_path/Frameworks @loader_path/Frameworks";
				PRODUCT_BUNDLE_IDENTIFIER = "www.chrisyou.ng.hello-worldTests";
				PRODUCT_NAME = "$(TARGET_NAME)";
				SWIFT_VERSION = 3.0;
				TEST_HOST = "$(BUILT_PRODUCTS_DIR)/hello-world.app/hello-world";
			};
			name = Debug;
		};
		5DCABD5B1E50E74B008880A8 /* Release */ = {
			isa = XCBuildConfiguration;
			buildSettings = {
				ALWAYS_EMBED_SWIFT_STANDARD_LIBRARIES = YES;
				BUNDLE_LOADER = "$(TEST_HOST)";
				INFOPLIST_FILE = "hello-worldTests/Info.plist";
				LD_RUNPATH_SEARCH_PATHS = "$(inherited) @executable_path/Frameworks @loader_path/Frameworks";
				PRODUCT_BUNDLE_IDENTIFIER = "www.chrisyou.ng.hello-worldTests";
				PRODUCT_NAME = "$(TARGET_NAME)";
				SWIFT_VERSION = 3.0;
				TEST_HOST = "$(BUILT_PRODUCTS_DIR)/hello-world.app/hello-world";
			};
			name = Release;
		};
		5DCABD5D1E50E74B008880A8 /* Debug */ = {
			isa = XCBuildConfiguration;
			buildSettings = {
				ALWAYS_EMBED_SWIFT_STANDARD_LIBRARIES = YES;
				INFOPLIST_FILE = "hello-worldUITests/Info.plist";
				LD_RUNPATH_SEARCH_PATHS = "$(inherited) @executable_path/Frameworks @loader_path/Frameworks";
				PRODUCT_BUNDLE_IDENTIFIER = "www.chrisyou.ng.hello-worldUITests";
				PRODUCT_NAME = "$(TARGET_NAME)";
				SWIFT_VERSION = 3.0;
				TEST_TARGET_NAME = "hello-world";
			};
			name = Debug;
		};
		5DCABD5E1E50E74B008880A8 /* Release */ = {
			isa = XCBuildConfiguration;
			buildSettings = {
				ALWAYS_EMBED_SWIFT_STANDARD_LIBRARIES = YES;
				INFOPLIST_FILE = "hello-worldUITests/Info.plist";
				LD_RUNPATH_SEARCH_PATHS = "$(inherited) @executable_path/Frameworks @loader_path/Frameworks";
				PRODUCT_BUNDLE_IDENTIFIER = "www.chrisyou.ng.hello-worldUITests";
				PRODUCT_NAME = "$(TARGET_NAME)";
				SWIFT_VERSION = 3.0;
				TEST_TARGET_NAME = "hello-world";
			};
			name = Release;
		};
/* End XCBuildConfiguration section */

/* Begin XCConfigurationList section */
		5DCABD291E50E74B008880A8 /* Build configuration list for PBXProject "hello-world" */ = {
			isa = XCConfigurationList;
			buildConfigurations = (
				5DCABD541E50E74B008880A8 /* Debug */,
				5DCABD551E50E74B008880A8 /* Release */,
			);
			defaultConfigurationIsVisible = 0;
			defaultConfigurationName = Release;
		};
		5DCABD561E50E74B008880A8 /* Build configuration list for PBXNativeTarget "hello-world" */ = {
			isa = XCConfigurationList;
			buildConfigurations = (
				5DCABD571E50E74B008880A8 /* Debug */,
				5DCABD581E50E74B008880A8 /* Release */,
			);
			defaultConfigurationIsVisible = 0;
			defaultConfigurationName = Release;
		};
		5DCABD591E50E74B008880A8 /* Build configuration list for PBXNativeTarget "hello-worldTests" */ = {
			isa = XCConfigurationList;
			buildConfigurations = (
				5DCABD5A1E50E74B008880A8 /* Debug */,
				5DCABD5B1E50E74B008880A8 /* Release */,
			);
			defaultConfigurationIsVisible = 0;
			defaultConfigurationName = Release;
		};
		5DCABD5C1E50E74B008880A8 /* Build configuration list for PBXNativeTarget "hello-worldUITests" */ = {
			isa = XCConfigurationList;
			buildConfigurations = (
				5DCABD5D1E50E74B008880A8 /* Debug */,
				5DCABD5E1E50E74B008880A8 /* Release */,
			);
			defaultConfigurationIsVisible = 0;
			defaultConfigurationName = Release;
		};
/* End XCConfigurationList section */
	};
	rootObject = 5DCABD261E50E74B008880A8 /* Project object */;
}
